
Microsoft Visual Studio Solution File, Format Version 12.00
# Visual Studio Version 17
VisualStudioVersion = 17.14.36408.4 d17.14
MinimumVisualStudioVersion = 10.0.40219.1
Project("{FAE04EC0-301F-11D3-BF4B-00C04F79EFBC}") = "EmprestimoLivros", "EmprestimoLivros\EmprestimoLivros.csproj", "{7D83E3B2-D832-447C-A353-ECB95BEC3D5B}"
EndProject
Global
	GlobalSection(SolutionConfigurationPlatforms) = preSolution
		Debug|Any CPU = Debug|Any CPU
		Release|Any CPU = Release|Any CPU
	EndGlobalSection
	GlobalSection(ProjectConfigurationPlatforms) = postSolution
		{7D83E3B2-D832-447C-A353-ECB95BEC3D5B}.Debug|Any CPU.ActiveCfg = Debug|Any CPU
		{7D83E3B2-D832-447C-A353-ECB95BEC3D5B}.Debug|Any CPU.Build.0 = Debug|Any CPU
		{7D83E3B2-D832-447C-A353-ECB95BEC3D5B}.Release|Any CPU.ActiveCfg = Release|Any CPU
		{7D83E3B2-D832-447C-A353-ECB95BEC3D5B}.Release|Any CPU.Build.0 = Release|Any CPU
	EndGlobalSection
	GlobalSection(SolutionProperties) = preSolution
		HideSolutionNode = FALSE
	EndGlobalSection
	GlobalSection(ExtensibilityGlobals) = postSolution
		SolutionGuid = {F9770412-8794-468F-92E3-C7D80C9D4C3E}
	EndGlobalSection
EndGlobal
